
Microsoft Visual Studio Solution File, Format Version 12.00
# Visual Studio Version 16
VisualStudioVersion = 16.0.31205.134
MinimumVisualStudioVersion = 10.0.40219.1
Project("{FAE04EC0-301F-11D3-BF4B-00C04F79EFBC}") = "PhoneDirectory.Console", "PhoneDirectory.Console\PhoneDirectory.Console.csproj", "{186AA7AA-A510-4A72-8FF8-C0D1FF5E206A}"
EndProject
Global
	GlobalSection(SolutionConfigurationPlatforms) = preSolution
		Debug|Any CPU = Debug|Any CPU
		Release|Any CPU = Release|Any CPU
	EndGlobalSection
	GlobalSection(ProjectConfigurationPlatforms) = postSolution
		{186AA7AA-A510-4A72-8FF8-C0D1FF5E206A}.Debug|Any CPU.ActiveCfg = Debug|Any CPU
		{186AA7AA-A510-4A72-8FF8-C0D1FF5E206A}.Debug|Any CPU.Build.0 = Debug|Any CPU
		{186AA7AA-A510-4A72-8FF8-C0D1FF5E206A}.Release|Any CPU.ActiveCfg = Release|Any CPU
		{186AA7AA-A510-4A72-8FF8-C0D1FF5E206A}.Release|Any CPU.Build.0 = Release|Any CPU
	EndGlobalSection
	GlobalSection(SolutionProperties) = preSolution
		HideSolutionNode = FALSE
	EndGlobalSection
	GlobalSection(ExtensibilityGlobals) = postSolution
		SolutionGuid = {39548354-0B1B-4919-BCBA-442A27350B78}
	EndGlobalSection
EndGlobal
